<?xml version="1.0" encoding="utf-8"?>
<Project ToolsVersion="4.0" xmlns="http://schemas.microsoft.com/developer/msbuild/2003">
  <ItemGroup>
    <Filter Include="Source Files">
      <UniqueIdentifier>{4FC737F1-C7A5-4376-A066-2A32D752A2FF}</UniqueIdentifier>
      <Extensions>cpp;c;cc;cxx;c++;cppm;ixx;def;odl;idl;hpj;bat;asm;asmx</Extensions>
    </Filter>
    <Filter Include="Header Files">
      <UniqueIdentifier>{93995380-89BD-4b04-88EB-625FBE52EBFB}</UniqueIdentifier>
      <Extensions>h;hh;hpp;hxx;h++;hm;inl;inc;ipp;xsd</Extensions>
    </Filter>
    <Filter Include="Resource Files">
      <UniqueIdentifier>{67DA6AB6-F800-4c08-8B7A-83BB121AAD01}</UniqueIdentifier>
      <Extensions>rc;ico;cur;bmp;dlg;rc2;rct;bin;rgs;gif;jpg;jpeg;jpe;resx;tiff;tif;png;wav;mfcribbon-ms</Extensions>
    </Filter>
    <Filter Include="Header Files\static">
      <UniqueIdentifier>{a665422a-dec0-4c58-a20a-c1955a9f5e77}</UniqueIdentifier>
    </Filter>
    <Filter Include="Source Files\static">
      <UniqueIdentifier>{e2c8d156-d749-44b6-b720-8c21b04fb0eb}</UniqueIdentifier>
    </Filter>
    <Filter Include="Source Files\misc">
      <UniqueIdentifier>{767a5cec-a06f-48f2-9591-3e961de2910d}</UniqueIdentifier>
    </Filter>
    <Filter Include="Header Files\glad">
      <UniqueIdentifier>{02db51df-28eb-4409-8be0-3f9fbdc44adb}</UniqueIdentifier>
    </Filter>
    <Filter Include="Header Files\openvr">
      <UniqueIdentifier>{b6152ba3-ece3-498c-957e-5cf8c1cfa23f}</UniqueIdentifier>
    </Filter>
    <Filter Include="Source Files\openvr">
      <UniqueIdentifier>{c6e64141-ff96-454d-a0e7-9d539006fe78}</UniqueIdentifier>
    </Filter>
    <Filter Include="Header Files\instances">
      <UniqueIdentifier>{e1582c67-20f6-4b2d-86c6-1ebe35f650de}</UniqueIdentifier>
    </Filter>
    <Filter Include="Source Files\instances">
      <UniqueIdentifier>{480186ed-eac1-47ab-a404-5d246e6667f5}</UniqueIdentifier>
    </Filter>
    <Filter Include="Header Files\misc">
      <UniqueIdentifier>{b8755fca-3077-4ad6-8f87-6f1424a44f9a}</UniqueIdentifier>
    </Filter>
  </ItemGroup>
  <ItemGroup>
    <ClCompile Include="Main.cpp">
      <Filter>Source Files</Filter>
    </ClCompile>
    <ClCompile Include="Riptide.cpp">
      <Filter>Source Files\static</Filter>
    </ClCompile>
    <ClCompile Include="glad.c">
      <Filter>Source Files\misc</Filter>
    </ClCompile>
    <ClCompile Include="Linker.cpp">
      <Filter>Source Files\misc</Filter>
    </ClCompile>
    <ClCompile Include="OpenVRInterface.cpp">
      <Filter>Source Files\openvr</Filter>
    </ClCompile>
    <ClCompile Include="Instance.cpp">
      <Filter>Source Files\instances</Filter>
    </ClCompile>
    <ClCompile Include="RenderInstance.cpp">
      <Filter>Source Files\instances</Filter>
    </ClCompile>
    <ClCompile Include="Shader.cpp">
      <Filter>Source Files\instances</Filter>
    </ClCompile>
    <ClCompile Include="Mesh.cpp">
      <Filter>Source Files\instances</Filter>
    </ClCompile>
  </ItemGroup>
  <ItemGroup>
    <ClInclude Include="Riptide.h">
      <Filter>Header Files\static</Filter>
    </ClInclude>
    <ClInclude Include="glad.h">
      <Filter>Header Files\glad</Filter>
    </ClInclude>
    <ClInclude Include="khrplatform.h">
      <Filter>Header Files\glad</Filter>
    </ClInclude>
    <ClInclude Include="OpenVRInterface.h">
      <Filter>Header Files\openvr</Filter>
    </ClInclude>
    <ClInclude Include="Instance.h">
      <Filter>Header Files\instances</Filter>
    </ClInclude>
    <ClInclude Include="RenderInstance.h">
      <Filter>Header Files\instances</Filter>
    </ClInclude>
    <ClInclude Include="types.h">
      <Filter>Header Files\misc</Filter>
    </ClInclude>
    <ClInclude Include="Shader.h">
      <Filter>Header Files\instances</Filter>
    </ClInclude>
    <ClInclude Include="Universe.h">
      <Filter>Header Files\instances</Filter>
    </ClInclude>
    <ClInclude Include="Mesh.h">
      <Filter>Header Files\instances</Filter>
    </ClInclude>
  </ItemGroup>
</Project>